# This file was autogenerated by Stack.
# You should not edit this file by hand.
# For more information, please see the documentation at:
#   https://docs.haskellstack.org/en/stable/lock_files

packages:
- completed:
    hackage: bibtex-0.1.0.6@sha256:3ce2181b6840115c42fab2eb17175c76d304af63222bd525d9058ff33f12fd80,3998
    pantry-tree:
      size: 771
      sha256: f3b8c71bde545d4e1d76a1bfa190042b8c49611d676260856196ebb14df595c9
  original:
    hackage: bibtex-0.1.0.6
- completed:
    hackage: latex-0.1.0.4@sha256:f424cdaa8b12f8c71e9d70a91141f9209883ac3eef8d2afccbab3298048a1925,1303
    pantry-tree:
      size: 218
      sha256: 1b2b931db2d0e1c3adf60994d346285254250b4bf58617adb50d1164e909a076
  original:
    hackage: latex-0.1.0.4
snapshots:
- completed:
    size: 358076
    url: https://raw.githubusercontent.com/commercialhaskell/stackage-snapshots/master/lts/4/1.yaml
    sha256: 9ec48b83c193da1d86ec4321c4d6b76c6ed25edd49af50018e6cffc393f654d9
  original: lts-4.1
