# This file was autogenerated by Stack.
# You should not edit this file by hand.
# For more information, please see the documentation at:
#   https://docs.haskellstack.org/en/stable/lock_files

packages:
- completed:
    hackage: hakyll-4.12.5.2@sha256:435eec729639a4bf0d58f3c7c71929600f4130f10241275d5e7df856cc8aae90,8677
    pantry-tree:
      size: 7631
      sha256: bd0cbe9051fae2b109d4b8955fd55a710b61c5dfd8b132d444c72c8f9e65c855
  original:
    hackage: hakyll-4.12.5.2
- completed:
    hackage: filepath-1.4.2.1@sha256:2dbe4b5aefb13242e413dd90faa15dc19faf7b451a8d668f73712b2ea52cdb12,2219
    pantry-tree:
      size: 681
      sha256: 6bddb06d840296fcd45583a16812925cb4366833a8344537273c4b82723a0456
  original:
    hackage: filepath-1.4.2.1
- completed:
    hackage: blaze-html-0.9.1.1@sha256:66f01bef8455b3387e592819584dbd5e501fe0bb5620a3bad80ca8f92d2b2296,2793
    pantry-tree:
      size: 2227
      sha256: fcba08da4585059dbf59db4d025ecee290c1b74680b0c7e6e905d5627a27dc60
  original:
    hackage: blaze-html-0.9.1.1
snapshots:
- completed:
    size: 523454
    url: https://raw.githubusercontent.com/commercialhaskell/stackage-snapshots/master/lts/14/2.yaml
    sha256: 593deeb8366fd69b9e3b7611759ecee87d0d76c08c2ba363b38b7fb119e9fc22
  original: lts-14.2
