# This file was autogenerated by Stack.
# You should not edit this file by hand.
# For more information, please see the documentation at:
#   https://docs.haskellstack.org/en/stable/lock_files

packages: []
snapshots:
- completed:
    size: 358076
    url: https://raw.githubusercontent.com/commercialhaskell/stackage-snapshots/master/lts/4/1.yaml
    sha256: 9ec48b83c193da1d86ec4321c4d6b76c6ed25edd49af50018e6cffc393f654d9
  original: lts-4.1
